
Microsoft Visual Studio Solution File, Format Version 12.00
# Visual Studio 15
VisualStudioVersion = 15.0.26403.7
MinimumVisualStudioVersion = 10.0.40219.1
Project("{FAE04EC0-301F-11D3-BF4B-00C04F79EFBC}") = "demo1", "demo1\demo1.csproj", "{8A7E2E58-3557-482B-AB37-615B5FFC2C48}"
EndProject
Project("{FAE04EC0-301F-11D3-BF4B-00C04F79EFBC}") = "WEBAPI2Example", "WEBAPI2Example\WEBAPI2Example.csproj", "{1DF2411E-EB95-4A0A-BC4C-6F5B8503A7F0}"
EndProject
Global
	GlobalSection(SolutionConfigurationPlatforms) = preSolution
		Debug|Any CPU = Debug|Any CPU
		Release|Any CPU = Release|Any CPU
	EndGlobalSection
	GlobalSection(ProjectConfigurationPlatforms) = postSolution
		{8A7E2E58-3557-482B-AB37-615B5FFC2C48}.Debug|Any CPU.ActiveCfg = Debug|Any CPU
		{8A7E2E58-3557-482B-AB37-615B5FFC2C48}.Debug|Any CPU.Build.0 = Debug|Any CPU
		{8A7E2E58-3557-482B-AB37-615B5FFC2C48}.Release|Any CPU.ActiveCfg = Release|Any CPU
		{8A7E2E58-3557-482B-AB37-615B5FFC2C48}.Release|Any CPU.Build.0 = Release|Any CPU
		{1DF2411E-EB95-4A0A-BC4C-6F5B8503A7F0}.Debug|Any CPU.ActiveCfg = Debug|Any CPU
		{1DF2411E-EB95-4A0A-BC4C-6F5B8503A7F0}.Debug|Any CPU.Build.0 = Debug|Any CPU
		{1DF2411E-EB95-4A0A-BC4C-6F5B8503A7F0}.Release|Any CPU.ActiveCfg = Release|Any CPU
		{1DF2411E-EB95-4A0A-BC4C-6F5B8503A7F0}.Release|Any CPU.Build.0 = Release|Any CPU
	EndGlobalSection
	GlobalSection(SolutionProperties) = preSolution
		HideSolutionNode = FALSE
	EndGlobalSection
EndGlobal
